
Microsoft Visual Studio Solution File, Format Version 12.00
# Visual Studio Version 17
VisualStudioVersion = 17.2.32602.215
MinimumVisualStudioVersion = 10.0.40219.1
Project("{FAE04EC0-301F-11D3-BF4B-00C04F79EFBC}") = "lab 7 5", "lab 7 5.csproj", "{1582690C-4DF3-4EF1-8DBF-4AB3C3FBBDAB}"
EndProject
Global
	GlobalSection(SolutionConfigurationPlatforms) = preSolution
		Debug|Any CPU = Debug|Any CPU
		Release|Any CPU = Release|Any CPU
	EndGlobalSection
	GlobalSection(ProjectConfigurationPlatforms) = postSolution
		{1582690C-4DF3-4EF1-8DBF-4AB3C3FBBDAB}.Debug|Any CPU.ActiveCfg = Debug|Any CPU
		{1582690C-4DF3-4EF1-8DBF-4AB3C3FBBDAB}.Debug|Any CPU.Build.0 = Debug|Any CPU
		{1582690C-4DF3-4EF1-8DBF-4AB3C3FBBDAB}.Release|Any CPU.ActiveCfg = Release|Any CPU
		{1582690C-4DF3-4EF1-8DBF-4AB3C3FBBDAB}.Release|Any CPU.Build.0 = Release|Any CPU
	EndGlobalSection
	GlobalSection(SolutionProperties) = preSolution
		HideSolutionNode = FALSE
	EndGlobalSection
	GlobalSection(ExtensibilityGlobals) = postSolution
		SolutionGuid = {7C83C21F-E918-45E3-A6E6-E801C0E1BC45}
	EndGlobalSection
EndGlobal
